
Microsoft Visual Studio Solution File, Format Version 12.00
# Visual Studio 2013
VisualStudioVersion = 12.0.30501.0
MinimumVisualStudioVersion = 10.0.40219.1
Project("{FAE04EC0-301F-11D3-BF4B-00C04F79EFBC}") = "bioconsole", "bioconsole\bioconsole.csproj", "{8A4A14D0-4B7B-479F-A523-7EE07263BDDE}"
EndProject
Project("{FAE04EC0-301F-11D3-BF4B-00C04F79EFBC}") = "TestClient", "TestClient\TestClient.csproj", "{2B8ADEA9-51DA-43CB-9396-377B1FF242BC}"
EndProject
Global
	GlobalSection(SolutionConfigurationPlatforms) = preSolution
		Debug|Any CPU = Debug|Any CPU
		Release|Any CPU = Release|Any CPU
	EndGlobalSection
	GlobalSection(ProjectConfigurationPlatforms) = postSolution
		{8A4A14D0-4B7B-479F-A523-7EE07263BDDE}.Debug|Any CPU.ActiveCfg = Debug|Any CPU
		{8A4A14D0-4B7B-479F-A523-7EE07263BDDE}.Debug|Any CPU.Build.0 = Debug|Any CPU
		{8A4A14D0-4B7B-479F-A523-7EE07263BDDE}.Release|Any CPU.ActiveCfg = Release|Any CPU
		{8A4A14D0-4B7B-479F-A523-7EE07263BDDE}.Release|Any CPU.Build.0 = Release|Any CPU
		{2B8ADEA9-51DA-43CB-9396-377B1FF242BC}.Debug|Any CPU.ActiveCfg = Debug|Any CPU
		{2B8ADEA9-51DA-43CB-9396-377B1FF242BC}.Debug|Any CPU.Build.0 = Debug|Any CPU
		{2B8ADEA9-51DA-43CB-9396-377B1FF242BC}.Release|Any CPU.ActiveCfg = Release|Any CPU
		{2B8ADEA9-51DA-43CB-9396-377B1FF242BC}.Release|Any CPU.Build.0 = Release|Any CPU
	EndGlobalSection
	GlobalSection(SolutionProperties) = preSolution
		HideSolutionNode = FALSE
	EndGlobalSection
EndGlobal
